
Microsoft Visual Studio Solution File, Format Version 12.00
# Visual Studio 15
VisualStudioVersion = 15.0.26730.12
MinimumVisualStudioVersion = 10.0.40219.1
Project("{8BC9CEB8-8B4A-11D0-8D11-00A0C91BC942}") = "CH1", "CH1\CH1.vcxproj", "{C25AD203-EEF1-4316-97DD-6023A4B788A0}"
EndProject
Project("{8BC9CEB8-8B4A-11D0-8D11-00A0C91BC942}") = "CH2", "CH2\CH2.vcxproj", "{4A06F24B-B2D1-4880-BE18-6BBF13539A6F}"
EndProject
Project("{8BC9CEB8-8B4A-11D0-8D11-00A0C91BC942}") = "CH3", "CH3\CH3.vcxproj", "{0B0B43DD-9B15-41BE-ACC4-E51A62E97D54}"
EndProject
Project("{8BC9CEB8-8B4A-11D0-8D11-00A0C91BC942}") = "CH4", "CH4\CH4.vcxproj", "{DCE6F2A2-FB83-44CF-845A-EC9ECF109EDD}"
EndProject
Project("{8BC9CEB8-8B4A-11D0-8D11-00A0C91BC942}") = "CH5", "CH5\CH5.vcxproj", "{89A5678D-4243-41DE-A090-3814F783B23F}"
EndProject
Project("{8BC9CEB8-8B4A-11D0-8D11-00A0C91BC942}") = "function", "function\function.vcxproj", "{FA35887B-73F8-4239-8B85-9C84053EB776}"
EndProject
Project("{8BC9CEB8-8B4A-11D0-8D11-00A0C91BC942}") = "hw1", "hw1\hw1.vcxproj", "{154C688B-6539-4649-AE58-69AB50782FEB}"
EndProject
Project("{8BC9CEB8-8B4A-11D0-8D11-00A0C91BC942}") = "hw2", "hw2\hw2.vcxproj", "{97234CB5-62F4-4B8E-B1E1-0D090BB0C8F6}"
EndProject
Project("{8BC9CEB8-8B4A-11D0-8D11-00A0C91BC942}") = "hw3", "hw3\hw3.vcxproj", "{E5C50883-3201-4B7B-A992-229ABFD13304}"
EndProject
Project("{8BC9CEB8-8B4A-11D0-8D11-00A0C91BC942}") = "hw4", "hw04\hw04.vcxproj", "{88F518E3-3A89-48FD-B336-F4E956EE0151}"
EndProject
Project("{8BC9CEB8-8B4A-11D0-8D11-00A0C91BC942}") = "CH7", "CH6\CH6.vcxproj", "{0C19E1CF-47B9-4613-8DA8-C5F80A684D90}"
EndProject
Project("{8BC9CEB8-8B4A-11D0-8D11-00A0C91BC942}") = "CH8", "Ch8\Ch8.vcxproj", "{84361A01-982D-41A4-BB2F-DBA491B12C8E}"
EndProject
Project("{8BC9CEB8-8B4A-11D0-8D11-00A0C91BC942}") = "CH9", "CH9\CH9.vcxproj", "{2C8EC97C-D2F4-4F18-AA12-9D2C5ACCAE96}"
EndProject
Project("{8BC9CEB8-8B4A-11D0-8D11-00A0C91BC942}") = "CH10", "CH10\CH10.vcxproj", "{8FCD43B7-2DB7-4B47-B5B1-C6BAB2B8CE7F}"
EndProject
Global
	GlobalSection(SolutionConfigurationPlatforms) = preSolution
		Debug|x64 = Debug|x64
		Debug|x86 = Debug|x86
		Release|x64 = Release|x64
		Release|x86 = Release|x86
	EndGlobalSection
	GlobalSection(ProjectConfigurationPlatforms) = postSolution
		{C25AD203-EEF1-4316-97DD-6023A4B788A0}.Debug|x64.ActiveCfg = Debug|x64
		{C25AD203-EEF1-4316-97DD-6023A4B788A0}.Debug|x64.Build.0 = Debug|x64
		{C25AD203-EEF1-4316-97DD-6023A4B788A0}.Debug|x86.ActiveCfg = Debug|Win32
		{C25AD203-EEF1-4316-97DD-6023A4B788A0}.Debug|x86.Build.0 = Debug|Win32
		{C25AD203-EEF1-4316-97DD-6023A4B788A0}.Release|x64.ActiveCfg = Release|x64
		{C25AD203-EEF1-4316-97DD-6023A4B788A0}.Release|x64.Build.0 = Release|x64
		{C25AD203-EEF1-4316-97DD-6023A4B788A0}.Release|x86.ActiveCfg = Release|Win32
		{C25AD203-EEF1-4316-97DD-6023A4B788A0}.Release|x86.Build.0 = Release|Win32
		{4A06F24B-B2D1-4880-BE18-6BBF13539A6F}.Debug|x64.ActiveCfg = Debug|x64
		{4A06F24B-B2D1-4880-BE18-6BBF13539A6F}.Debug|x64.Build.0 = Debug|x64
		{4A06F24B-B2D1-4880-BE18-6BBF13539A6F}.Debug|x86.ActiveCfg = Debug|Win32
		{4A06F24B-B2D1-4880-BE18-6BBF13539A6F}.Debug|x86.Build.0 = Debug|Win32
		{4A06F24B-B2D1-4880-BE18-6BBF13539A6F}.Release|x64.ActiveCfg = Release|x64
		{4A06F24B-B2D1-4880-BE18-6BBF13539A6F}.Release|x64.Build.0 = Release|x64
		{4A06F24B-B2D1-4880-BE18-6BBF13539A6F}.Release|x86.ActiveCfg = Release|Win32
		{4A06F24B-B2D1-4880-BE18-6BBF13539A6F}.Release|x86.Build.0 = Release|Win32
		{0B0B43DD-9B15-41BE-ACC4-E51A62E97D54}.Debug|x64.ActiveCfg = Debug|x64
		{0B0B43DD-9B15-41BE-ACC4-E51A62E97D54}.Debug|x64.Build.0 = Debug|x64
		{0B0B43DD-9B15-41BE-ACC4-E51A62E97D54}.Debug|x86.ActiveCfg = Debug|Win32
		{0B0B43DD-9B15-41BE-ACC4-E51A62E97D54}.Debug|x86.Build.0 = Debug|Win32
		{0B0B43DD-9B15-41BE-ACC4-E51A62E97D54}.Release|x64.ActiveCfg = Release|x64
		{0B0B43DD-9B15-41BE-ACC4-E51A62E97D54}.Release|x64.Build.0 = Release|x64
		{0B0B43DD-9B15-41BE-ACC4-E51A62E97D54}.Release|x86.ActiveCfg = Release|Win32
		{0B0B43DD-9B15-41BE-ACC4-E51A62E97D54}.Release|x86.Build.0 = Release|Win32
		{DCE6F2A2-FB83-44CF-845A-EC9ECF109EDD}.Debug|x64.ActiveCfg = Debug|x64
		{DCE6F2A2-FB83-44CF-845A-EC9ECF109EDD}.Debug|x64.Build.0 = Debug|x64
		{DCE6F2A2-FB83-44CF-845A-EC9ECF109EDD}.Debug|x86.ActiveCfg = Debug|Win32
		{DCE6F2A2-FB83-44CF-845A-EC9ECF109EDD}.Debug|x86.Build.0 = Debug|Win32
		{DCE6F2A2-FB83-44CF-845A-EC9ECF109EDD}.Release|x64.ActiveCfg = Release|x64
		{DCE6F2A2-FB83-44CF-845A-EC9ECF109EDD}.Release|x64.Build.0 = Release|x64
		{DCE6F2A2-FB83-44CF-845A-EC9ECF109EDD}.Release|x86.ActiveCfg = Release|Win32
		{DCE6F2A2-FB83-44CF-845A-EC9ECF109EDD}.Release|x86.Build.0 = Release|Win32
		{89A5678D-4243-41DE-A090-3814F783B23F}.Debug|x64.ActiveCfg = Debug|x64
		{89A5678D-4243-41DE-A090-3814F783B23F}.Debug|x64.Build.0 = Debug|x64
		{89A5678D-4243-41DE-A090-3814F783B23F}.Debug|x86.ActiveCfg = Debug|Win32
		{89A5678D-4243-41DE-A090-3814F783B23F}.Debug|x86.Build.0 = Debug|Win32
		{89A5678D-4243-41DE-A090-3814F783B23F}.Release|x64.ActiveCfg = Release|x64
		{89A5678D-4243-41DE-A090-3814F783B23F}.Release|x64.Build.0 = Release|x64
		{89A5678D-4243-41DE-A090-3814F783B23F}.Release|x86.ActiveCfg = Release|Win32
		{89A5678D-4243-41DE-A090-3814F783B23F}.Release|x86.Build.0 = Release|Win32
		{FA35887B-73F8-4239-8B85-9C84053EB776}.Debug|x64.ActiveCfg = Debug|x64
		{FA35887B-73F8-4239-8B85-9C84053EB776}.Debug|x64.Build.0 = Debug|x64
		{FA35887B-73F8-4239-8B85-9C84053EB776}.Debug|x86.ActiveCfg = Debug|Win32
		{FA35887B-73F8-4239-8B85-9C84053EB776}.Debug|x86.Build.0 = Debug|Win32
		{FA35887B-73F8-4239-8B85-9C84053EB776}.Release|x64.ActiveCfg = Release|x64
		{FA35887B-73F8-4239-8B85-9C84053EB776}.Release|x64.Build.0 = Release|x64
		{FA35887B-73F8-4239-8B85-9C84053EB776}.Release|x86.ActiveCfg = Release|Win32
		{FA35887B-73F8-4239-8B85-9C84053EB776}.Release|x86.Build.0 = Release|Win32
		{154C688B-6539-4649-AE58-69AB50782FEB}.Debug|x64.ActiveCfg = Debug|x64
		{154C688B-6539-4649-AE58-69AB50782FEB}.Debug|x64.Build.0 = Debug|x64
		{154C688B-6539-4649-AE58-69AB50782FEB}.Debug|x86.ActiveCfg = Debug|Win32
		{154C688B-6539-4649-AE58-69AB50782FEB}.Debug|x86.Build.0 = Debug|Win32
		{154C688B-6539-4649-AE58-69AB50782FEB}.Release|x64.ActiveCfg = Release|x64
		{154C688B-6539-4649-AE58-69AB50782FEB}.Release|x64.Build.0 = Release|x64
		{154C688B-6539-4649-AE58-69AB50782FEB}.Release|x86.ActiveCfg = Release|Win32
		{154C688B-6539-4649-AE58-69AB50782FEB}.Release|x86.Build.0 = Release|Win32
		{97234CB5-62F4-4B8E-B1E1-0D090BB0C8F6}.Debug|x64.ActiveCfg = Debug|x64
		{97234CB5-62F4-4B8E-B1E1-0D090BB0C8F6}.Debug|x64.Build.0 = Debug|x64
		{97234CB5-62F4-4B8E-B1E1-0D090BB0C8F6}.Debug|x86.ActiveCfg = Debug|Win32
		{97234CB5-62F4-4B8E-B1E1-0D090BB0C8F6}.Debug|x86.Build.0 = Debug|Win32
		{97234CB5-62F4-4B8E-B1E1-0D090BB0C8F6}.Release|x64.ActiveCfg = Release|x64
		{97234CB5-62F4-4B8E-B1E1-0D090BB0C8F6}.Release|x64.Build.0 = Release|x64
		{97234CB5-62F4-4B8E-B1E1-0D090BB0C8F6}.Release|x86.ActiveCfg = Release|Win32
		{97234CB5-62F4-4B8E-B1E1-0D090BB0C8F6}.Release|x86.Build.0 = Release|Win32
		{E5C50883-3201-4B7B-A992-229ABFD13304}.Debug|x64.ActiveCfg = Debug|x64
		{E5C50883-3201-4B7B-A992-229ABFD13304}.Debug|x64.Build.0 = Debug|x64
		{E5C50883-3201-4B7B-A992-229ABFD13304}.Debug|x86.ActiveCfg = Debug|Win32
		{E5C50883-3201-4B7B-A992-229ABFD13304}.Debug|x86.Build.0 = Debug|Win32
		{E5C50883-3201-4B7B-A992-229ABFD13304}.Release|x64.ActiveCfg = Release|x64
		{E5C50883-3201-4B7B-A992-229ABFD13304}.Release|x64.Build.0 = Release|x64
		{E5C50883-3201-4B7B-A992-229ABFD13304}.Release|x86.ActiveCfg = Release|Win32
		{E5C50883-3201-4B7B-A992-229ABFD13304}.Release|x86.Build.0 = Release|Win32
		{88F518E3-3A89-48FD-B336-F4E956EE0151}.Debug|x64.ActiveCfg = Debug|x64
		{88F518E3-3A89-48FD-B336-F4E956EE0151}.Debug|x64.Build.0 = Debug|x64
		{88F518E3-3A89-48FD-B336-F4E956EE0151}.Debug|x86.ActiveCfg = Debug|Win32
		{88F518E3-3A89-48FD-B336-F4E956EE0151}.Debug|x86.Build.0 = Debug|Win32
		{88F518E3-3A89-48FD-B336-F4E956EE0151}.Release|x64.ActiveCfg = Release|x64
		{88F518E3-3A89-48FD-B336-F4E956EE0151}.Release|x64.Build.0 = Release|x64
		{88F518E3-3A89-48FD-B336-F4E956EE0151}.Release|x86.ActiveCfg = Release|Win32
		{88F518E3-3A89-48FD-B336-F4E956EE0151}.Release|x86.Build.0 = Release|Win32
		{0C19E1CF-47B9-4613-8DA8-C5F80A684D90}.Debug|x64.ActiveCfg = Debug|x64
		{0C19E1CF-47B9-4613-8DA8-C5F80A684D90}.Debug|x64.Build.0 = Debug|x64
		{0C19E1CF-47B9-4613-8DA8-C5F80A684D90}.Debug|x86.ActiveCfg = Debug|Win32
		{0C19E1CF-47B9-4613-8DA8-C5F80A684D90}.Debug|x86.Build.0 = Debug|Win32
		{0C19E1CF-47B9-4613-8DA8-C5F80A684D90}.Release|x64.ActiveCfg = Release|x64
		{0C19E1CF-47B9-4613-8DA8-C5F80A684D90}.Release|x64.Build.0 = Release|x64
		{0C19E1CF-47B9-4613-8DA8-C5F80A684D90}.Release|x86.ActiveCfg = Release|Win32
		{0C19E1CF-47B9-4613-8DA8-C5F80A684D90}.Release|x86.Build.0 = Release|Win32
		{84361A01-982D-41A4-BB2F-DBA491B12C8E}.Debug|x64.ActiveCfg = Debug|x64
		{84361A01-982D-41A4-BB2F-DBA491B12C8E}.Debug|x64.Build.0 = Debug|x64
		{84361A01-982D-41A4-BB2F-DBA491B12C8E}.Debug|x86.ActiveCfg = Debug|Win32
		{84361A01-982D-41A4-BB2F-DBA491B12C8E}.Debug|x86.Build.0 = Debug|Win32
		{84361A01-982D-41A4-BB2F-DBA491B12C8E}.Release|x64.ActiveCfg = Release|x64
		{84361A01-982D-41A4-BB2F-DBA491B12C8E}.Release|x64.Build.0 = Release|x64
		{84361A01-982D-41A4-BB2F-DBA491B12C8E}.Release|x86.ActiveCfg = Release|Win32
		{84361A01-982D-41A4-BB2F-DBA491B12C8E}.Release|x86.Build.0 = Release|Win32
		{2C8EC97C-D2F4-4F18-AA12-9D2C5ACCAE96}.Debug|x64.ActiveCfg = Debug|x64
		{2C8EC97C-D2F4-4F18-AA12-9D2C5ACCAE96}.Debug|x64.Build.0 = Debug|x64
		{2C8EC97C-D2F4-4F18-AA12-9D2C5ACCAE96}.Debug|x86.ActiveCfg = Debug|Win32
		{2C8EC97C-D2F4-4F18-AA12-9D2C5ACCAE96}.Debug|x86.Build.0 = Debug|Win32
		{2C8EC97C-D2F4-4F18-AA12-9D2C5ACCAE96}.Release|x64.ActiveCfg = Release|x64
		{2C8EC97C-D2F4-4F18-AA12-9D2C5ACCAE96}.Release|x64.Build.0 = Release|x64
		{2C8EC97C-D2F4-4F18-AA12-9D2C5ACCAE96}.Release|x86.ActiveCfg = Release|Win32
		{2C8EC97C-D2F4-4F18-AA12-9D2C5ACCAE96}.Release|x86.Build.0 = Release|Win32
		{8FCD43B7-2DB7-4B47-B5B1-C6BAB2B8CE7F}.Debug|x64.ActiveCfg = Debug|x64
		{8FCD43B7-2DB7-4B47-B5B1-C6BAB2B8CE7F}.Debug|x64.Build.0 = Debug|x64
		{8FCD43B7-2DB7-4B47-B5B1-C6BAB2B8CE7F}.Debug|x86.ActiveCfg = Debug|Win32
		{8FCD43B7-2DB7-4B47-B5B1-C6BAB2B8CE7F}.Debug|x86.Build.0 = Debug|Win32
		{8FCD43B7-2DB7-4B47-B5B1-C6BAB2B8CE7F}.Release|x64.ActiveCfg = Release|x64
		{8FCD43B7-2DB7-4B47-B5B1-C6BAB2B8CE7F}.Release|x64.Build.0 = Release|x64
		{8FCD43B7-2DB7-4B47-B5B1-C6BAB2B8CE7F}.Release|x86.ActiveCfg = Release|Win32
		{8FCD43B7-2DB7-4B47-B5B1-C6BAB2B8CE7F}.Release|x86.Build.0 = Release|Win32
	EndGlobalSection
	GlobalSection(SolutionProperties) = preSolution
		HideSolutionNode = FALSE
	EndGlobalSection
	GlobalSection(ExtensibilityGlobals) = postSolution
		SolutionGuid = {7C6E4FB4-3F22-4EA4-A922-2CA4FF279E87}
	EndGlobalSection
EndGlobal
